
Microsoft Visual Studio Solution File, Format Version 12.00
# Visual Studio Version 17
VisualStudioVersion = 17.8.34330.188
MinimumVisualStudioVersion = 10.0.40219.1
Project("{2150E333-8FDC-42A3-9474-1A3956D46DE8}") = "IdentityService", "IdentityService", "{FC6F7484-2F06-4546-8A7A-C53292E57047}"
EndProject
Project("{2150E333-8FDC-42A3-9474-1A3956D46DE8}") = "YouShowService", "YouShowService", "{B02FA5A7-D11E-4521-9CA8-B48D982C44EB}"
EndProject
Project("{9A19103F-16F7-4668-BE54-9A1E7A4F7556}") = "YouShowService.WebAPI", "YouShowService.WebAPI\YouShowService.WebAPI.csproj", "{81B0AD19-EF24-424E-B3F5-2177E90C99E8}"
EndProject
Project("{9A19103F-16F7-4668-BE54-9A1E7A4F7556}") = "IdentityService.WebAPI", "IdentityService.WebAPI\IdentityService.WebAPI.csproj", "{57B3B378-F3AF-4435-AF17-A15AFA90607A}"
EndProject
Project("{9A19103F-16F7-4668-BE54-9A1E7A4F7556}") = "IdentityService.Domain", "IdentityService.Domain\IdentityService.Domain.csproj", "{25F3A92C-B2E5-4213-9DC1-F23E8441B9AA}"
EndProject
Project("{9A19103F-16F7-4668-BE54-9A1E7A4F7556}") = "IdentityService.Infrastructure", "IdentityService.Infrastructure\IdentityService.Infrastructure.csproj", "{C4B7578F-733F-4375-A7EA-F3937F072D64}"
EndProject
Project("{2150E333-8FDC-42A3-9474-1A3956D46DE8}") = "Commons", "Commons", "{584120B6-716D-4E42-98DC-0DCFA6FF6069}"
EndProject
Project("{9A19103F-16F7-4668-BE54-9A1E7A4F7556}") = "Chen.DomainCommons", "Chen.DomainCommons\Chen.DomainCommons.csproj", "{EE340A30-D78F-46EE-8EAF-B0B285DA8B2E}"
EndProject
Project("{9A19103F-16F7-4668-BE54-9A1E7A4F7556}") = "Chen.Infrastructure", "Chen.Infrastructure\Chen.Infrastructure.csproj", "{7C9CCC72-A42F-4B9B-8A58-07AA180B9E9F}"
EndProject
Project("{9A19103F-16F7-4668-BE54-9A1E7A4F7556}") = "Chen.Commons", "Chen.Commons\Chen.Commons.csproj", "{7DB3502E-B8C7-4AF3-97FA-954CC6511A33}"
EndProject
Project("{9A19103F-16F7-4668-BE54-9A1E7A4F7556}") = "CommonInitializer", "CommonInitializer\CommonInitializer.csproj", "{93127498-8FA0-48C6-A2DE-B3F2B15DCE95}"
EndProject
Project("{9A19103F-16F7-4668-BE54-9A1E7A4F7556}") = "Chen.JWT", "Chen.JWT\Chen.JWT.csproj", "{0E5B4355-BE25-493F-96BE-447A7213DDCE}"
EndProject
Project("{9A19103F-16F7-4668-BE54-9A1E7A4F7556}") = "Chen.ASPNETCore", "Chen.ASPNETCore\Chen.ASPNETCore.csproj", "{18C308AC-E41E-4FC8-8BC2-EBAF683E2807}"
EndProject
Project("{9A19103F-16F7-4668-BE54-9A1E7A4F7556}") = "Chen.EventBus", "Chen.EventBus\Chen.EventBus.csproj", "{0C66AA95-C080-424A-9454-1DE8BA7973E2}"
EndProject
Project("{9A19103F-16F7-4668-BE54-9A1E7A4F7556}") = "YouShowService.Domain", "YouShowService.Domain\YouShowService.Domain.csproj", "{53E49B8C-D5FF-4756-AA74-5FAC94F3D3BE}"
EndProject
Project("{9A19103F-16F7-4668-BE54-9A1E7A4F7556}") = "YouShowService.Infrastructure", "YouShowService.Infrastructure\YouShowService.Infrastructure.csproj", "{5D84D491-ECFF-4DB7-BD85-3EF82EA390AE}"
EndProject
Project("{2150E333-8FDC-42A3-9474-1A3956D46DE8}") = "FileService", "FileService", "{CFB834D9-5E77-4BC1-868A-6F398FDAEC01}"
EndProject
Project("{9A19103F-16F7-4668-BE54-9A1E7A4F7556}") = "FileService.WebAPI", "FileService.WebAPI\FileService.WebAPI.csproj", "{095691A7-C78A-4559-AA55-24858704E040}"
EndProject
Project("{9A19103F-16F7-4668-BE54-9A1E7A4F7556}") = "FileService.Domain", "FileService.Domain\FileService.Domain.csproj", "{D3FFE296-2D61-4F18-B555-216ABF8C947E}"
EndProject
Project("{9A19103F-16F7-4668-BE54-9A1E7A4F7556}") = "FileService.Infrastructure", "FileService.Infrastructure\FileService.Infrastructure.csproj", "{81D28024-FF3F-42A0-99CC-6FD29694EF3D}"
EndProject
Project("{9A19103F-16F7-4668-BE54-9A1E7A4F7556}") = "FileService.SDK.NETCore", "FileService.SDK.NETCore\FileService.SDK.NETCore.csproj", "{7F138491-C3F8-4A03-BA49-8DD03C13F8DC}"
EndProject
Project("{2150E333-8FDC-42A3-9474-1A3956D46DE8}") = "SearchService", "SearchService", "{9A7CCF6C-729A-4C73-B60E-E0362C91DFC5}"
EndProject
Project("{9A19103F-16F7-4668-BE54-9A1E7A4F7556}") = "SearchService.Domain", "SearchService.Domain\SearchService.Domain.csproj", "{FB80080F-C4DD-422A-AEA0-4AD4B5E35CF4}"
EndProject
Project("{9A19103F-16F7-4668-BE54-9A1E7A4F7556}") = "SearchService.Infrastructure", "SearchService.Infrastructure\SearchService.Infrastructure.csproj", "{F50E3434-5D38-4BF3-96CD-BF37B5D6EAC0}"
EndProject
Project("{2150E333-8FDC-42A3-9474-1A3956D46DE8}") = "UserChatService", "UserChatService", "{5782FF5B-410A-4E44-96BE-8A99C2D7B0B6}"
EndProject
Project("{9A19103F-16F7-4668-BE54-9A1E7A4F7556}") = "UserChatService.WebAPI", "UserChatService.WebAPI\UserChatService.WebAPI.csproj", "{C1CAB271-6258-4CAC-9E73-B19B6723776C}"
EndProject
Project("{9A19103F-16F7-4668-BE54-9A1E7A4F7556}") = "UserChatService.Domain", "UserChatService.Domain\UserChatService.Domain.csproj", "{C775C14F-AD42-430E-98D9-2CB8585DDCE7}"
EndProject
Project("{9A19103F-16F7-4668-BE54-9A1E7A4F7556}") = "UserChatService.Infrastructure", "UserChatService.Infrastructure\UserChatService.Infrastructure.csproj", "{07E82CD1-D76C-480C-AC6A-5DE818CEF83F}"
EndProject
Project("{FAE04EC0-301F-11D3-BF4B-00C04F79EFBC}") = "SearchService.WebAPI", "SearchService.WebAPI\SearchService.WebAPI.csproj", "{D032B727-A4B9-4313-B79A-CF00C331F6C7}"
EndProject
Global
	GlobalSection(SolutionConfigurationPlatforms) = preSolution
		Debug|Any CPU = Debug|Any CPU
		Release|Any CPU = Release|Any CPU
	EndGlobalSection
	GlobalSection(ProjectConfigurationPlatforms) = postSolution
		{81B0AD19-EF24-424E-B3F5-2177E90C99E8}.Debug|Any CPU.ActiveCfg = Debug|Any CPU
		{81B0AD19-EF24-424E-B3F5-2177E90C99E8}.Debug|Any CPU.Build.0 = Debug|Any CPU
		{81B0AD19-EF24-424E-B3F5-2177E90C99E8}.Release|Any CPU.ActiveCfg = Release|Any CPU
		{81B0AD19-EF24-424E-B3F5-2177E90C99E8}.Release|Any CPU.Build.0 = Release|Any CPU
		{57B3B378-F3AF-4435-AF17-A15AFA90607A}.Debug|Any CPU.ActiveCfg = Debug|Any CPU
		{57B3B378-F3AF-4435-AF17-A15AFA90607A}.Debug|Any CPU.Build.0 = Debug|Any CPU
		{57B3B378-F3AF-4435-AF17-A15AFA90607A}.Release|Any CPU.ActiveCfg = Release|Any CPU
		{57B3B378-F3AF-4435-AF17-A15AFA90607A}.Release|Any CPU.Build.0 = Release|Any CPU
		{25F3A92C-B2E5-4213-9DC1-F23E8441B9AA}.Debug|Any CPU.ActiveCfg = Debug|Any CPU
		{25F3A92C-B2E5-4213-9DC1-F23E8441B9AA}.Debug|Any CPU.Build.0 = Debug|Any CPU
		{25F3A92C-B2E5-4213-9DC1-F23E8441B9AA}.Release|Any CPU.ActiveCfg = Release|Any CPU
		{25F3A92C-B2E5-4213-9DC1-F23E8441B9AA}.Release|Any CPU.Build.0 = Release|Any CPU
		{C4B7578F-733F-4375-A7EA-F3937F072D64}.Debug|Any CPU.ActiveCfg = Debug|Any CPU
		{C4B7578F-733F-4375-A7EA-F3937F072D64}.Debug|Any CPU.Build.0 = Debug|Any CPU
		{C4B7578F-733F-4375-A7EA-F3937F072D64}.Release|Any CPU.ActiveCfg = Release|Any CPU
		{C4B7578F-733F-4375-A7EA-F3937F072D64}.Release|Any CPU.Build.0 = Release|Any CPU
		{EE340A30-D78F-46EE-8EAF-B0B285DA8B2E}.Debug|Any CPU.ActiveCfg = Debug|Any CPU
		{EE340A30-D78F-46EE-8EAF-B0B285DA8B2E}.Debug|Any CPU.Build.0 = Debug|Any CPU
		{EE340A30-D78F-46EE-8EAF-B0B285DA8B2E}.Release|Any CPU.ActiveCfg = Release|Any CPU
		{EE340A30-D78F-46EE-8EAF-B0B285DA8B2E}.Release|Any CPU.Build.0 = Release|Any CPU
		{7C9CCC72-A42F-4B9B-8A58-07AA180B9E9F}.Debug|Any CPU.ActiveCfg = Debug|Any CPU
		{7C9CCC72-A42F-4B9B-8A58-07AA180B9E9F}.Debug|Any CPU.Build.0 = Debug|Any CPU
		{7C9CCC72-A42F-4B9B-8A58-07AA180B9E9F}.Release|Any CPU.ActiveCfg = Release|Any CPU
		{7C9CCC72-A42F-4B9B-8A58-07AA180B9E9F}.Release|Any CPU.Build.0 = Release|Any CPU
		{7DB3502E-B8C7-4AF3-97FA-954CC6511A33}.Debug|Any CPU.ActiveCfg = Debug|Any CPU
		{7DB3502E-B8C7-4AF3-97FA-954CC6511A33}.Debug|Any CPU.Build.0 = Debug|Any CPU
		{7DB3502E-B8C7-4AF3-97FA-954CC6511A33}.Release|Any CPU.ActiveCfg = Release|Any CPU
		{7DB3502E-B8C7-4AF3-97FA-954CC6511A33}.Release|Any CPU.Build.0 = Release|Any CPU
		{93127498-8FA0-48C6-A2DE-B3F2B15DCE95}.Debug|Any CPU.ActiveCfg = Debug|Any CPU
		{93127498-8FA0-48C6-A2DE-B3F2B15DCE95}.Debug|Any CPU.Build.0 = Debug|Any CPU
		{93127498-8FA0-48C6-A2DE-B3F2B15DCE95}.Release|Any CPU.ActiveCfg = Release|Any CPU
		{93127498-8FA0-48C6-A2DE-B3F2B15DCE95}.Release|Any CPU.Build.0 = Release|Any CPU
		{0E5B4355-BE25-493F-96BE-447A7213DDCE}.Debug|Any CPU.ActiveCfg = Debug|Any CPU
		{0E5B4355-BE25-493F-96BE-447A7213DDCE}.Debug|Any CPU.Build.0 = Debug|Any CPU
		{0E5B4355-BE25-493F-96BE-447A7213DDCE}.Release|Any CPU.ActiveCfg = Release|Any CPU
		{0E5B4355-BE25-493F-96BE-447A7213DDCE}.Release|Any CPU.Build.0 = Release|Any CPU
		{18C308AC-E41E-4FC8-8BC2-EBAF683E2807}.Debug|Any CPU.ActiveCfg = Debug|Any CPU
		{18C308AC-E41E-4FC8-8BC2-EBAF683E2807}.Debug|Any CPU.Build.0 = Debug|Any CPU
		{18C308AC-E41E-4FC8-8BC2-EBAF683E2807}.Release|Any CPU.ActiveCfg = Release|Any CPU
		{18C308AC-E41E-4FC8-8BC2-EBAF683E2807}.Release|Any CPU.Build.0 = Release|Any CPU
		{0C66AA95-C080-424A-9454-1DE8BA7973E2}.Debug|Any CPU.ActiveCfg = Debug|Any CPU
		{0C66AA95-C080-424A-9454-1DE8BA7973E2}.Debug|Any CPU.Build.0 = Debug|Any CPU
		{0C66AA95-C080-424A-9454-1DE8BA7973E2}.Release|Any CPU.ActiveCfg = Release|Any CPU
		{0C66AA95-C080-424A-9454-1DE8BA7973E2}.Release|Any CPU.Build.0 = Release|Any CPU
		{53E49B8C-D5FF-4756-AA74-5FAC94F3D3BE}.Debug|Any CPU.ActiveCfg = Debug|Any CPU
		{53E49B8C-D5FF-4756-AA74-5FAC94F3D3BE}.Debug|Any CPU.Build.0 = Debug|Any CPU
		{53E49B8C-D5FF-4756-AA74-5FAC94F3D3BE}.Release|Any CPU.ActiveCfg = Release|Any CPU
		{53E49B8C-D5FF-4756-AA74-5FAC94F3D3BE}.Release|Any CPU.Build.0 = Release|Any CPU
		{5D84D491-ECFF-4DB7-BD85-3EF82EA390AE}.Debug|Any CPU.ActiveCfg = Debug|Any CPU
		{5D84D491-ECFF-4DB7-BD85-3EF82EA390AE}.Debug|Any CPU.Build.0 = Debug|Any CPU
		{5D84D491-ECFF-4DB7-BD85-3EF82EA390AE}.Release|Any CPU.ActiveCfg = Release|Any CPU
		{5D84D491-ECFF-4DB7-BD85-3EF82EA390AE}.Release|Any CPU.Build.0 = Release|Any CPU
		{095691A7-C78A-4559-AA55-24858704E040}.Debug|Any CPU.ActiveCfg = Debug|Any CPU
		{095691A7-C78A-4559-AA55-24858704E040}.Debug|Any CPU.Build.0 = Debug|Any CPU
		{095691A7-C78A-4559-AA55-24858704E040}.Release|Any CPU.ActiveCfg = Release|Any CPU
		{095691A7-C78A-4559-AA55-24858704E040}.Release|Any CPU.Build.0 = Release|Any CPU
		{D3FFE296-2D61-4F18-B555-216ABF8C947E}.Debug|Any CPU.ActiveCfg = Debug|Any CPU
		{D3FFE296-2D61-4F18-B555-216ABF8C947E}.Debug|Any CPU.Build.0 = Debug|Any CPU
		{D3FFE296-2D61-4F18-B555-216ABF8C947E}.Release|Any CPU.ActiveCfg = Release|Any CPU
		{D3FFE296-2D61-4F18-B555-216ABF8C947E}.Release|Any CPU.Build.0 = Release|Any CPU
		{81D28024-FF3F-42A0-99CC-6FD29694EF3D}.Debug|Any CPU.ActiveCfg = Debug|Any CPU
		{81D28024-FF3F-42A0-99CC-6FD29694EF3D}.Debug|Any CPU.Build.0 = Debug|Any CPU
		{81D28024-FF3F-42A0-99CC-6FD29694EF3D}.Release|Any CPU.ActiveCfg = Release|Any CPU
		{81D28024-FF3F-42A0-99CC-6FD29694EF3D}.Release|Any CPU.Build.0 = Release|Any CPU
		{7F138491-C3F8-4A03-BA49-8DD03C13F8DC}.Debug|Any CPU.ActiveCfg = Debug|Any CPU
		{7F138491-C3F8-4A03-BA49-8DD03C13F8DC}.Debug|Any CPU.Build.0 = Debug|Any CPU
		{7F138491-C3F8-4A03-BA49-8DD03C13F8DC}.Release|Any CPU.ActiveCfg = Release|Any CPU
		{7F138491-C3F8-4A03-BA49-8DD03C13F8DC}.Release|Any CPU.Build.0 = Release|Any CPU
		{FB80080F-C4DD-422A-AEA0-4AD4B5E35CF4}.Debug|Any CPU.ActiveCfg = Debug|Any CPU
		{FB80080F-C4DD-422A-AEA0-4AD4B5E35CF4}.Debug|Any CPU.Build.0 = Debug|Any CPU
		{FB80080F-C4DD-422A-AEA0-4AD4B5E35CF4}.Release|Any CPU.ActiveCfg = Release|Any CPU
		{FB80080F-C4DD-422A-AEA0-4AD4B5E35CF4}.Release|Any CPU.Build.0 = Release|Any CPU
		{F50E3434-5D38-4BF3-96CD-BF37B5D6EAC0}.Debug|Any CPU.ActiveCfg = Debug|Any CPU
		{F50E3434-5D38-4BF3-96CD-BF37B5D6EAC0}.Debug|Any CPU.Build.0 = Debug|Any CPU
		{F50E3434-5D38-4BF3-96CD-BF37B5D6EAC0}.Release|Any CPU.ActiveCfg = Release|Any CPU
		{F50E3434-5D38-4BF3-96CD-BF37B5D6EAC0}.Release|Any CPU.Build.0 = Release|Any CPU
		{C1CAB271-6258-4CAC-9E73-B19B6723776C}.Debug|Any CPU.ActiveCfg = Debug|Any CPU
		{C1CAB271-6258-4CAC-9E73-B19B6723776C}.Debug|Any CPU.Build.0 = Debug|Any CPU
		{C1CAB271-6258-4CAC-9E73-B19B6723776C}.Release|Any CPU.ActiveCfg = Release|Any CPU
		{C1CAB271-6258-4CAC-9E73-B19B6723776C}.Release|Any CPU.Build.0 = Release|Any CPU
		{C775C14F-AD42-430E-98D9-2CB8585DDCE7}.Debug|Any CPU.ActiveCfg = Debug|Any CPU
		{C775C14F-AD42-430E-98D9-2CB8585DDCE7}.Debug|Any CPU.Build.0 = Debug|Any CPU
		{C775C14F-AD42-430E-98D9-2CB8585DDCE7}.Release|Any CPU.ActiveCfg = Release|Any CPU
		{C775C14F-AD42-430E-98D9-2CB8585DDCE7}.Release|Any CPU.Build.0 = Release|Any CPU
		{07E82CD1-D76C-480C-AC6A-5DE818CEF83F}.Debug|Any CPU.ActiveCfg = Debug|Any CPU
		{07E82CD1-D76C-480C-AC6A-5DE818CEF83F}.Debug|Any CPU.Build.0 = Debug|Any CPU
		{07E82CD1-D76C-480C-AC6A-5DE818CEF83F}.Release|Any CPU.ActiveCfg = Release|Any CPU
		{07E82CD1-D76C-480C-AC6A-5DE818CEF83F}.Release|Any CPU.Build.0 = Release|Any CPU
		{D032B727-A4B9-4313-B79A-CF00C331F6C7}.Debug|Any CPU.ActiveCfg = Debug|Any CPU
		{D032B727-A4B9-4313-B79A-CF00C331F6C7}.Debug|Any CPU.Build.0 = Debug|Any CPU
		{D032B727-A4B9-4313-B79A-CF00C331F6C7}.Release|Any CPU.ActiveCfg = Release|Any CPU
		{D032B727-A4B9-4313-B79A-CF00C331F6C7}.Release|Any CPU.Build.0 = Release|Any CPU
	EndGlobalSection
	GlobalSection(SolutionProperties) = preSolution
		HideSolutionNode = FALSE
	EndGlobalSection
	GlobalSection(NestedProjects) = preSolution
		{81B0AD19-EF24-424E-B3F5-2177E90C99E8} = {B02FA5A7-D11E-4521-9CA8-B48D982C44EB}
		{57B3B378-F3AF-4435-AF17-A15AFA90607A} = {FC6F7484-2F06-4546-8A7A-C53292E57047}
		{25F3A92C-B2E5-4213-9DC1-F23E8441B9AA} = {FC6F7484-2F06-4546-8A7A-C53292E57047}
		{C4B7578F-733F-4375-A7EA-F3937F072D64} = {FC6F7484-2F06-4546-8A7A-C53292E57047}
		{EE340A30-D78F-46EE-8EAF-B0B285DA8B2E} = {584120B6-716D-4E42-98DC-0DCFA6FF6069}
		{7C9CCC72-A42F-4B9B-8A58-07AA180B9E9F} = {584120B6-716D-4E42-98DC-0DCFA6FF6069}
		{7DB3502E-B8C7-4AF3-97FA-954CC6511A33} = {584120B6-716D-4E42-98DC-0DCFA6FF6069}
		{93127498-8FA0-48C6-A2DE-B3F2B15DCE95} = {584120B6-716D-4E42-98DC-0DCFA6FF6069}
		{0E5B4355-BE25-493F-96BE-447A7213DDCE} = {584120B6-716D-4E42-98DC-0DCFA6FF6069}
		{18C308AC-E41E-4FC8-8BC2-EBAF683E2807} = {584120B6-716D-4E42-98DC-0DCFA6FF6069}
		{0C66AA95-C080-424A-9454-1DE8BA7973E2} = {584120B6-716D-4E42-98DC-0DCFA6FF6069}
		{53E49B8C-D5FF-4756-AA74-5FAC94F3D3BE} = {B02FA5A7-D11E-4521-9CA8-B48D982C44EB}
		{5D84D491-ECFF-4DB7-BD85-3EF82EA390AE} = {B02FA5A7-D11E-4521-9CA8-B48D982C44EB}
		{095691A7-C78A-4559-AA55-24858704E040} = {CFB834D9-5E77-4BC1-868A-6F398FDAEC01}
		{D3FFE296-2D61-4F18-B555-216ABF8C947E} = {CFB834D9-5E77-4BC1-868A-6F398FDAEC01}
		{81D28024-FF3F-42A0-99CC-6FD29694EF3D} = {CFB834D9-5E77-4BC1-868A-6F398FDAEC01}
		{7F138491-C3F8-4A03-BA49-8DD03C13F8DC} = {CFB834D9-5E77-4BC1-868A-6F398FDAEC01}
		{FB80080F-C4DD-422A-AEA0-4AD4B5E35CF4} = {9A7CCF6C-729A-4C73-B60E-E0362C91DFC5}
		{F50E3434-5D38-4BF3-96CD-BF37B5D6EAC0} = {9A7CCF6C-729A-4C73-B60E-E0362C91DFC5}
		{C1CAB271-6258-4CAC-9E73-B19B6723776C} = {5782FF5B-410A-4E44-96BE-8A99C2D7B0B6}
		{C775C14F-AD42-430E-98D9-2CB8585DDCE7} = {5782FF5B-410A-4E44-96BE-8A99C2D7B0B6}
		{07E82CD1-D76C-480C-AC6A-5DE818CEF83F} = {5782FF5B-410A-4E44-96BE-8A99C2D7B0B6}
		{D032B727-A4B9-4313-B79A-CF00C331F6C7} = {9A7CCF6C-729A-4C73-B60E-E0362C91DFC5}
	EndGlobalSection
	GlobalSection(ExtensibilityGlobals) = postSolution
		SolutionGuid = {A1C6D8D9-FF5B-4832-8BAC-71D27372CF01}
	EndGlobalSection
EndGlobal
